
Microsoft Visual Studio Solution File, Format Version 12.00
# Visual Studio Version 16
VisualStudioVersion = 16.0.29806.167
MinimumVisualStudioVersion = 10.0.40219.1
Project("{9A19103F-16F7-4668-BE54-9A1E7A4F7556}") = "KultStock", "KultStock\KultStock.csproj", "{FB305BA3-C9B7-414D-8C0C-A53334624F9B}"
	ProjectSection(ProjectDependencies) = postProject
		{8B7A7308-3168-4C1B-AEAB-5727115B0CC5} = {8B7A7308-3168-4C1B-AEAB-5727115B0CC5}
	EndProjectSection
EndProject
Project("{9A19103F-16F7-4668-BE54-9A1E7A4F7556}") = "Stock.Service", "Stock.Service\Stock.Service.csproj", "{8B7A7308-3168-4C1B-AEAB-5727115B0CC5}"
EndProject
Project("{9A19103F-16F7-4668-BE54-9A1E7A4F7556}") = "Stock.Data", "Stock.Data\Stock.Data.csproj", "{33305A16-CCDA-487A-8F38-BFE30C1AA25E}"
EndProject
Global
	GlobalSection(SolutionConfigurationPlatforms) = preSolution
		Debug|Any CPU = Debug|Any CPU
		Release|Any CPU = Release|Any CPU
	EndGlobalSection
	GlobalSection(ProjectConfigurationPlatforms) = postSolution
		{FB305BA3-C9B7-414D-8C0C-A53334624F9B}.Debug|Any CPU.ActiveCfg = Debug|Any CPU
		{FB305BA3-C9B7-414D-8C0C-A53334624F9B}.Debug|Any CPU.Build.0 = Debug|Any CPU
		{FB305BA3-C9B7-414D-8C0C-A53334624F9B}.Release|Any CPU.ActiveCfg = Release|Any CPU
		{FB305BA3-C9B7-414D-8C0C-A53334624F9B}.Release|Any CPU.Build.0 = Release|Any CPU
		{8B7A7308-3168-4C1B-AEAB-5727115B0CC5}.Debug|Any CPU.ActiveCfg = Debug|Any CPU
		{8B7A7308-3168-4C1B-AEAB-5727115B0CC5}.Debug|Any CPU.Build.0 = Debug|Any CPU
		{8B7A7308-3168-4C1B-AEAB-5727115B0CC5}.Release|Any CPU.ActiveCfg = Release|Any CPU
		{8B7A7308-3168-4C1B-AEAB-5727115B0CC5}.Release|Any CPU.Build.0 = Release|Any CPU
		{33305A16-CCDA-487A-8F38-BFE30C1AA25E}.Debug|Any CPU.ActiveCfg = Debug|Any CPU
		{33305A16-CCDA-487A-8F38-BFE30C1AA25E}.Debug|Any CPU.Build.0 = Debug|Any CPU
		{33305A16-CCDA-487A-8F38-BFE30C1AA25E}.Release|Any CPU.ActiveCfg = Release|Any CPU
		{33305A16-CCDA-487A-8F38-BFE30C1AA25E}.Release|Any CPU.Build.0 = Release|Any CPU
	EndGlobalSection
	GlobalSection(SolutionProperties) = preSolution
		HideSolutionNode = FALSE
	EndGlobalSection
	GlobalSection(ExtensibilityGlobals) = postSolution
		SolutionGuid = {622D22E7-C0D9-43C2-96CE-54EB2643307C}
	EndGlobalSection
EndGlobal
